<?xml version="1.0" encoding="utf-8"?>
<Project ToolsVersion="4.0" xmlns="http://schemas.microsoft.com/developer/msbuild/2003">
  <ItemGroup>
    <Filter Include="Source Files">
      <UniqueIdentifier>{4FC737F1-C7A5-4376-A066-2A32D752A2FF}</UniqueIdentifier>
      <Extensions>cpp;c;cc;cxx;def;odl;idl;hpj;bat;asm;asmx</Extensions>
    </Filter>
    <Filter Include="Header Files">
      <UniqueIdentifier>{93995380-89BD-4b04-88EB-625FBE52EBFB}</UniqueIdentifier>
      <Extensions>h;hh;hpp;hxx;hm;inl;inc;xsd</Extensions>
    </Filter>
    <Filter Include="Resource Files">
      <UniqueIdentifier>{67DA6AB6-F800-4c08-8B7A-83BB121AAD01}</UniqueIdentifier>
      <Extensions>rc;ico;cur;bmp;dlg;rc2;rct;bin;rgs;gif;jpg;jpeg;jpe;resx;tiff;tif;png;wav;mfcribbon-ms</Extensions>
    </Filter>
    <Filter Include="Source Files\World">
      <UniqueIdentifier>{6f40e1b1-0726-4d44-9d8e-bd32f6c9cd0a}</UniqueIdentifier>
    </Filter>
    <Filter Include="Header Files\World">
      <UniqueIdentifier>{c76bb689-82ad-4476-a16a-1f33d0945d1f}</UniqueIdentifier>
    </Filter>
    <Filter Include="Header Files\Steering">
      <UniqueIdentifier>{e415bc70-f0ed-49f7-b538-d435cdfacffa}</UniqueIdentifier>
    </Filter>
    <Filter Include="Source Files\Steering">
      <UniqueIdentifier>{890d357d-d908-459e-be20-f26e075ae376}</UniqueIdentifier>
    </Filter>
  </ItemGroup>
  <ItemGroup>
    <ClCompile Include="main.cpp">
      <Filter>Source Files</Filter>
    </ClCompile>
    <ClCompile Include="Obstacle.cpp">
      <Filter>Source Files\World</Filter>
    </ClCompile>
    <ClCompile Include="World.cpp">
      <Filter>Source Files\World</Filter>
    </ClCompile>
    <ClCompile Include="SteeringManager.cpp">
      <Filter>Source Files\Steering</Filter>
    </ClCompile>
    <ClCompile Include="BaseBehavior.cpp">
      <Filter>Source Files\Steering</Filter>
    </ClCompile>
    <ClCompile Include="Agent.cpp">
      <Filter>Source Files\World</Filter>
    </ClCompile>
    <ClCompile Include="LookWhereYouAreGoing.cpp">
      <Filter>Source Files\Steering</Filter>
    </ClCompile>
    <ClCompile Include="Face.cpp">
      <Filter>Source Files\Steering</Filter>
    </ClCompile>
    <ClCompile Include="Seek.cpp">
      <Filter>Source Files\Steering</Filter>
    </ClCompile>
    <ClCompile Include="Align.cpp">
      <Filter>Source Files\Steering</Filter>
    </ClCompile>
    <ClCompile Include="Arrive.cpp">
      <Filter>Source Files\Steering</Filter>
    </ClCompile>
    <ClCompile Include="Flee.cpp">
      <Filter>Source Files\Steering</Filter>
    </ClCompile>
    <ClCompile Include="Persue.cpp">
      <Filter>Source Files\Steering</Filter>
    </ClCompile>
    <ClCompile Include="Seperation.cpp">
      <Filter>Source Files\Steering</Filter>
    </ClCompile>
    <ClCompile Include="Evade.cpp">
      <Filter>Source Files\Steering</Filter>
    </ClCompile>
    <ClCompile Include="Path.cpp">
      <Filter>Source Files\World</Filter>
    </ClCompile>
    <ClCompile Include="PathFollowing.cpp">
      <Filter>Source Files\Steering</Filter>
    </ClCompile>
    <ClCompile Include="CollisionAvoidance.cpp">
      <Filter>Source Files</Filter>
    </ClCompile>
  </ItemGroup>
  <ItemGroup>
    <ClInclude Include="Obstacle.h">
      <Filter>Header Files\World</Filter>
    </ClInclude>
    <ClInclude Include="World.h">
      <Filter>Header Files\World</Filter>
    </ClInclude>
    <ClInclude Include="SteeringManager.h">
      <Filter>Header Files\Steering</Filter>
    </ClInclude>
    <ClInclude Include="BaseBehavior.h">
      <Filter>Header Files\Steering</Filter>
    </ClInclude>
    <ClInclude Include="SteeringStruct.h">
      <Filter>Header Files\Steering</Filter>
    </ClInclude>
    <ClInclude Include="Agent.h">
      <Filter>Header Files\World</Filter>
    </ClInclude>
    <ClInclude Include="LookWhereYouAreGoing.h">
      <Filter>Header Files\Steering</Filter>
    </ClInclude>
    <ClInclude Include="Face.h">
      <Filter>Header Files\Steering</Filter>
    </ClInclude>
    <ClInclude Include="Seek.h">
      <Filter>Header Files\Steering</Filter>
    </ClInclude>
    <ClInclude Include="Align.h">
      <Filter>Header Files\Steering</Filter>
    </ClInclude>
    <ClInclude Include="Target.h">
      <Filter>Header Files\Steering</Filter>
    </ClInclude>
    <ClInclude Include="BlendedBehavior.h">
      <Filter>Header Files\Steering</Filter>
    </ClInclude>
    <ClInclude Include="Flee.h">
      <Filter>Header Files\Steering</Filter>
    </ClInclude>
    <ClInclude Include="Arrive.h">
      <Filter>Header Files\Steering</Filter>
    </ClInclude>
    <ClInclude Include="Persue.h">
      <Filter>Header Files\Steering</Filter>
    </ClInclude>
    <ClInclude Include="Seperation.h">
      <Filter>Header Files\Steering</Filter>
    </ClInclude>
    <ClInclude Include="Path.h">
      <Filter>Header Files\World</Filter>
    </ClInclude>
    <ClInclude Include="PathFollowing.h">
      <Filter>Header Files\Steering</Filter>
    </ClInclude>
    <ClInclude Include="Evade.h">
      <Filter>Header Files\Steering</Filter>
    </ClInclude>
    <ClInclude Include="CollisionAvoidance.h">
      <Filter>Header Files</Filter>
    </ClInclude>
  </ItemGroup>
</Project>